
Microsoft Visual Studio Solution File, Format Version 12.00
# Visual Studio Version 17
VisualStudioVersion = 17.5.33530.505
MinimumVisualStudioVersion = 10.0.40219.1
Project("{FAE04EC0-301F-11D3-BF4B-00C04F79EFBC}") = "sum_of_the_digits", "sum_of_the_digits\sum_of_the_digits.csproj", "{31816AB9-D30F-47FE-8BCC-D6549E200919}"
EndProject
Global
	GlobalSection(SolutionConfigurationPlatforms) = preSolution
		Debug|Any CPU = Debug|Any CPU
		Release|Any CPU = Release|Any CPU
	EndGlobalSection
	GlobalSection(ProjectConfigurationPlatforms) = postSolution
		{31816AB9-D30F-47FE-8BCC-D6549E200919}.Debug|Any CPU.ActiveCfg = Debug|Any CPU
		{31816AB9-D30F-47FE-8BCC-D6549E200919}.Debug|Any CPU.Build.0 = Debug|Any CPU
		{31816AB9-D30F-47FE-8BCC-D6549E200919}.Release|Any CPU.ActiveCfg = Release|Any CPU
		{31816AB9-D30F-47FE-8BCC-D6549E200919}.Release|Any CPU.Build.0 = Release|Any CPU
	EndGlobalSection
	GlobalSection(SolutionProperties) = preSolution
		HideSolutionNode = FALSE
	EndGlobalSection
	GlobalSection(ExtensibilityGlobals) = postSolution
		SolutionGuid = {CC6AE9D1-70BC-4CC0-A479-100D44C24035}
	EndGlobalSection
EndGlobal
