
Microsoft Visual Studio Solution File, Format Version 12.00
# Visual Studio Version 17
VisualStudioVersion = 17.5.33530.505
MinimumVisualStudioVersion = 10.0.40219.1
Project("{9A19103F-16F7-4668-BE54-9A1E7A4F7556}") = "switch_opearators", "switch_opearators.csproj", "{9F743699-F40D-4E2C-A705-41D22EAE194A}"
EndProject
Global
	GlobalSection(SolutionConfigurationPlatforms) = preSolution
		Debug|Any CPU = Debug|Any CPU
		Release|Any CPU = Release|Any CPU
	EndGlobalSection
	GlobalSection(ProjectConfigurationPlatforms) = postSolution
		{9F743699-F40D-4E2C-A705-41D22EAE194A}.Debug|Any CPU.ActiveCfg = Debug|Any CPU
		{9F743699-F40D-4E2C-A705-41D22EAE194A}.Debug|Any CPU.Build.0 = Debug|Any CPU
		{9F743699-F40D-4E2C-A705-41D22EAE194A}.Release|Any CPU.ActiveCfg = Release|Any CPU
		{9F743699-F40D-4E2C-A705-41D22EAE194A}.Release|Any CPU.Build.0 = Release|Any CPU
	EndGlobalSection
	GlobalSection(SolutionProperties) = preSolution
		HideSolutionNode = FALSE
	EndGlobalSection
	GlobalSection(ExtensibilityGlobals) = postSolution
		SolutionGuid = {03535BF6-3C32-4EED-9948-7335B49ADCBA}
	EndGlobalSection
EndGlobal
