
Microsoft Visual Studio Solution File, Format Version 12.00
# Visual Studio Version 17
VisualStudioVersion = 17.5.33530.505
MinimumVisualStudioVersion = 10.0.40219.1
Project("{FAE04EC0-301F-11D3-BF4B-00C04F79EFBC}") = "Stack_assignment", "Stack_assignment\Stack_assignment.csproj", "{626D497C-DE42-469F-B5D2-5BB0E0A23204}"
EndProject
Global
	GlobalSection(SolutionConfigurationPlatforms) = preSolution
		Debug|Any CPU = Debug|Any CPU
		Release|Any CPU = Release|Any CPU
	EndGlobalSection
	GlobalSection(ProjectConfigurationPlatforms) = postSolution
		{626D497C-DE42-469F-B5D2-5BB0E0A23204}.Debug|Any CPU.ActiveCfg = Debug|Any CPU
		{626D497C-DE42-469F-B5D2-5BB0E0A23204}.Debug|Any CPU.Build.0 = Debug|Any CPU
		{626D497C-DE42-469F-B5D2-5BB0E0A23204}.Release|Any CPU.ActiveCfg = Release|Any CPU
		{626D497C-DE42-469F-B5D2-5BB0E0A23204}.Release|Any CPU.Build.0 = Release|Any CPU
	EndGlobalSection
	GlobalSection(SolutionProperties) = preSolution
		HideSolutionNode = FALSE
	EndGlobalSection
	GlobalSection(ExtensibilityGlobals) = postSolution
		SolutionGuid = {783EE126-35AE-45F8-9CFD-F9A6DE0B1C97}
	EndGlobalSection
EndGlobal
