
Microsoft Visual Studio Solution File, Format Version 12.00
# Visual Studio Version 17
VisualStudioVersion = 17.5.33530.505
MinimumVisualStudioVersion = 10.0.40219.1
Project("{FAE04EC0-301F-11D3-BF4B-00C04F79EFBC}") = "Exception_Demo", "Exception_Demo\Exception_Demo.csproj", "{D7960E08-FFFC-443E-87B0-3C3923BC3250}"
EndProject
Global
	GlobalSection(SolutionConfigurationPlatforms) = preSolution
		Debug|Any CPU = Debug|Any CPU
		Release|Any CPU = Release|Any CPU
	EndGlobalSection
	GlobalSection(ProjectConfigurationPlatforms) = postSolution
		{D7960E08-FFFC-443E-87B0-3C3923BC3250}.Debug|Any CPU.ActiveCfg = Debug|Any CPU
		{D7960E08-FFFC-443E-87B0-3C3923BC3250}.Debug|Any CPU.Build.0 = Debug|Any CPU
		{D7960E08-FFFC-443E-87B0-3C3923BC3250}.Release|Any CPU.ActiveCfg = Release|Any CPU
		{D7960E08-FFFC-443E-87B0-3C3923BC3250}.Release|Any CPU.Build.0 = Release|Any CPU
	EndGlobalSection
	GlobalSection(SolutionProperties) = preSolution
		HideSolutionNode = FALSE
	EndGlobalSection
	GlobalSection(ExtensibilityGlobals) = postSolution
		SolutionGuid = {04E0A3EE-D6AC-4DF1-AA23-9C6612A03686}
	EndGlobalSection
EndGlobal
