
Microsoft Visual Studio Solution File, Format Version 12.00
# Visual Studio Version 17
VisualStudioVersion = 17.5.33530.505
MinimumVisualStudioVersion = 10.0.40219.1
Project("{FAE04EC0-301F-11D3-BF4B-00C04F79EFBC}") = "Static_1", "Static_1\Static_1.csproj", "{8287037C-9911-4984-AE06-8A3335ECD54B}"
EndProject
Global
	GlobalSection(SolutionConfigurationPlatforms) = preSolution
		Debug|Any CPU = Debug|Any CPU
		Release|Any CPU = Release|Any CPU
	EndGlobalSection
	GlobalSection(ProjectConfigurationPlatforms) = postSolution
		{8287037C-9911-4984-AE06-8A3335ECD54B}.Debug|Any CPU.ActiveCfg = Debug|Any CPU
		{8287037C-9911-4984-AE06-8A3335ECD54B}.Debug|Any CPU.Build.0 = Debug|Any CPU
		{8287037C-9911-4984-AE06-8A3335ECD54B}.Release|Any CPU.ActiveCfg = Release|Any CPU
		{8287037C-9911-4984-AE06-8A3335ECD54B}.Release|Any CPU.Build.0 = Release|Any CPU
	EndGlobalSection
	GlobalSection(SolutionProperties) = preSolution
		HideSolutionNode = FALSE
	EndGlobalSection
	GlobalSection(ExtensibilityGlobals) = postSolution
		SolutionGuid = {54146292-4988-44F8-9765-59048303B2EC}
	EndGlobalSection
EndGlobal
