
Microsoft Visual Studio Solution File, Format Version 12.00
# Visual Studio Version 17
VisualStudioVersion = 17.5.33530.505
MinimumVisualStudioVersion = 10.0.40219.1
Project("{FAE04EC0-301F-11D3-BF4B-00C04F79EFBC}") = "Poly_overrloading", "Poly_overrloading\Poly_overrloading.csproj", "{44364FD5-F877-4F6B-A828-515BFA81F163}"
EndProject
Global
	GlobalSection(SolutionConfigurationPlatforms) = preSolution
		Debug|Any CPU = Debug|Any CPU
		Release|Any CPU = Release|Any CPU
	EndGlobalSection
	GlobalSection(ProjectConfigurationPlatforms) = postSolution
		{44364FD5-F877-4F6B-A828-515BFA81F163}.Debug|Any CPU.ActiveCfg = Debug|Any CPU
		{44364FD5-F877-4F6B-A828-515BFA81F163}.Debug|Any CPU.Build.0 = Debug|Any CPU
		{44364FD5-F877-4F6B-A828-515BFA81F163}.Release|Any CPU.ActiveCfg = Release|Any CPU
		{44364FD5-F877-4F6B-A828-515BFA81F163}.Release|Any CPU.Build.0 = Release|Any CPU
	EndGlobalSection
	GlobalSection(SolutionProperties) = preSolution
		HideSolutionNode = FALSE
	EndGlobalSection
	GlobalSection(ExtensibilityGlobals) = postSolution
		SolutionGuid = {02DBB277-10D1-4CCC-AAD3-9E6F3607A867}
	EndGlobalSection
EndGlobal
